
Microsoft Visual Studio Solution File, Format Version 11.00
# Visual Studio 2010
Project("{FAE04EC0-301F-11D3-BF4B-00C04F79EFBC}") = "2018-01-23_TestClassFrazione", "2018-01-23_TestClassFrazione.csproj", "{3E0A0355-E5C6-405F-8448-0560380595A7}"
EndProject
Global
	GlobalSection(SolutionConfigurationPlatforms) = preSolution
		Debug|x86 = Debug|x86
		Release|x86 = Release|x86
	EndGlobalSection
	GlobalSection(ProjectConfigurationPlatforms) = postSolution
		{3E0A0355-E5C6-405F-8448-0560380595A7}.Debug|x86.ActiveCfg = Debug|x86
		{3E0A0355-E5C6-405F-8448-0560380595A7}.Debug|x86.Build.0 = Debug|x86
		{3E0A0355-E5C6-405F-8448-0560380595A7}.Release|x86.ActiveCfg = Release|x86
		{3E0A0355-E5C6-405F-8448-0560380595A7}.Release|x86.Build.0 = Release|x86
	EndGlobalSection
	GlobalSection(SolutionProperties) = preSolution
		HideSolutionNode = FALSE
	EndGlobalSection
EndGlobal
