
Microsoft Visual Studio Solution File, Format Version 11.00
# Visual Studio 2010
Project("{8BC9CEB8-8B4A-11D0-8D11-00A0C91BC942}") = "2017-12-05_ABR 01", "2017-12-05_ABR 01.vcxproj", "{88D22C53-09D3-4F20-9DED-399D4CBC91E7}"
EndProject
Global
	GlobalSection(SolutionConfigurationPlatforms) = preSolution
		Debug|Win32 = Debug|Win32
		Release|Win32 = Release|Win32
	EndGlobalSection
	GlobalSection(ProjectConfigurationPlatforms) = postSolution
		{88D22C53-09D3-4F20-9DED-399D4CBC91E7}.Debug|Win32.ActiveCfg = Debug|Win32
		{88D22C53-09D3-4F20-9DED-399D4CBC91E7}.Debug|Win32.Build.0 = Debug|Win32
		{88D22C53-09D3-4F20-9DED-399D4CBC91E7}.Release|Win32.ActiveCfg = Release|Win32
		{88D22C53-09D3-4F20-9DED-399D4CBC91E7}.Release|Win32.Build.0 = Release|Win32
	EndGlobalSection
	GlobalSection(SolutionProperties) = preSolution
		HideSolutionNode = FALSE
	EndGlobalSection
EndGlobal
