
Microsoft Visual Studio Solution File, Format Version 11.00
# Visual Studio 2010
Project("{8BC9CEB8-8B4A-11D0-8D11-00A0C91BC942}") = "2017-11-21_Parcheggio verifica", "2017-11-21_Parcheggio verifica.vcxproj", "{D53536F8-415A-432B-9E87-6C4D3475896C}"
EndProject
Global
	GlobalSection(SolutionConfigurationPlatforms) = preSolution
		Debug|Win32 = Debug|Win32
		Release|Win32 = Release|Win32
	EndGlobalSection
	GlobalSection(ProjectConfigurationPlatforms) = postSolution
		{D53536F8-415A-432B-9E87-6C4D3475896C}.Debug|Win32.ActiveCfg = Debug|Win32
		{D53536F8-415A-432B-9E87-6C4D3475896C}.Debug|Win32.Build.0 = Debug|Win32
		{D53536F8-415A-432B-9E87-6C4D3475896C}.Release|Win32.ActiveCfg = Release|Win32
		{D53536F8-415A-432B-9E87-6C4D3475896C}.Release|Win32.Build.0 = Release|Win32
	EndGlobalSection
	GlobalSection(SolutionProperties) = preSolution
		HideSolutionNode = FALSE
	EndGlobalSection
EndGlobal
